
Microsoft Visual Studio Solution File, Format Version 12.00
# Visual Studio Version 16
VisualStudioVersion = 16.0.30621.155
MinimumVisualStudioVersion = 10.0.40219.1
Project("{F184B08F-C81C-45F6-A57F-5ABD9991F28F}") = "Tanya_photosite", "Tanya_photosite\Tanya_photosite.vbproj", "{4573A711-BF13-4EF4-BAD4-4195B2A2A15E}"
EndProject
Global
	GlobalSection(SolutionConfigurationPlatforms) = preSolution
		Debug|Any CPU = Debug|Any CPU
		Release|Any CPU = Release|Any CPU
	EndGlobalSection
	GlobalSection(ProjectConfigurationPlatforms) = postSolution
		{4573A711-BF13-4EF4-BAD4-4195B2A2A15E}.Debug|Any CPU.ActiveCfg = Debug|Any CPU
		{4573A711-BF13-4EF4-BAD4-4195B2A2A15E}.Debug|Any CPU.Build.0 = Debug|Any CPU
		{4573A711-BF13-4EF4-BAD4-4195B2A2A15E}.Release|Any CPU.ActiveCfg = Release|Any CPU
		{4573A711-BF13-4EF4-BAD4-4195B2A2A15E}.Release|Any CPU.Build.0 = Release|Any CPU
	EndGlobalSection
	GlobalSection(SolutionProperties) = preSolution
		HideSolutionNode = FALSE
	EndGlobalSection
	GlobalSection(ExtensibilityGlobals) = postSolution
		SolutionGuid = {9FEFD184-9EA5-48D9-99B4-46D1DCDD4041}
	EndGlobalSection
EndGlobal
